
Microsoft Visual Studio Solution File, Format Version 12.00
# Visual Studio 15
VisualStudioVersion = 15.0.27703.2035
MinimumVisualStudioVersion = 10.0.40219.1
Project("{8BC9CEB8-8B4A-11D0-8D11-00A0C91BC942}") = "String0", "String0\String0.vcxproj", "{CB884D84-5422-4FAE-A5BE-AEDB4CA83BCE}"
EndProject
Global
	GlobalSection(SolutionConfigurationPlatforms) = preSolution
		Debug|x64 = Debug|x64
		Debug|x86 = Debug|x86
		Release|x64 = Release|x64
		Release|x86 = Release|x86
	EndGlobalSection
	GlobalSection(ProjectConfigurationPlatforms) = postSolution
		{CB884D84-5422-4FAE-A5BE-AEDB4CA83BCE}.Debug|x64.ActiveCfg = Debug|x64
		{CB884D84-5422-4FAE-A5BE-AEDB4CA83BCE}.Debug|x64.Build.0 = Debug|x64
		{CB884D84-5422-4FAE-A5BE-AEDB4CA83BCE}.Debug|x86.ActiveCfg = Debug|Win32
		{CB884D84-5422-4FAE-A5BE-AEDB4CA83BCE}.Debug|x86.Build.0 = Debug|Win32
		{CB884D84-5422-4FAE-A5BE-AEDB4CA83BCE}.Release|x64.ActiveCfg = Release|x64
		{CB884D84-5422-4FAE-A5BE-AEDB4CA83BCE}.Release|x64.Build.0 = Release|x64
		{CB884D84-5422-4FAE-A5BE-AEDB4CA83BCE}.Release|x86.ActiveCfg = Release|Win32
		{CB884D84-5422-4FAE-A5BE-AEDB4CA83BCE}.Release|x86.Build.0 = Release|Win32
	EndGlobalSection
	GlobalSection(SolutionProperties) = preSolution
		HideSolutionNode = FALSE
	EndGlobalSection
	GlobalSection(ExtensibilityGlobals) = postSolution
		SolutionGuid = {42E59B31-725B-4C03-AF39-AFB44A10157F}
	EndGlobalSection
EndGlobal
