
Microsoft Visual Studio Solution File, Format Version 12.00
# Visual Studio 15
VisualStudioVersion = 15.0.27703.2035
MinimumVisualStudioVersion = 10.0.40219.1
Project("{8BC9CEB8-8B4A-11D0-8D11-00A0C91BC942}") = "p10.1", "p10.1\p10.1.vcxproj", "{3C430357-3CC0-4AB0-833F-BE411C4340F2}"
EndProject
Global
	GlobalSection(SolutionConfigurationPlatforms) = preSolution
		Debug|x64 = Debug|x64
		Debug|x86 = Debug|x86
		Release|x64 = Release|x64
		Release|x86 = Release|x86
	EndGlobalSection
	GlobalSection(ProjectConfigurationPlatforms) = postSolution
		{3C430357-3CC0-4AB0-833F-BE411C4340F2}.Debug|x64.ActiveCfg = Debug|x64
		{3C430357-3CC0-4AB0-833F-BE411C4340F2}.Debug|x64.Build.0 = Debug|x64
		{3C430357-3CC0-4AB0-833F-BE411C4340F2}.Debug|x86.ActiveCfg = Debug|Win32
		{3C430357-3CC0-4AB0-833F-BE411C4340F2}.Debug|x86.Build.0 = Debug|Win32
		{3C430357-3CC0-4AB0-833F-BE411C4340F2}.Release|x64.ActiveCfg = Release|x64
		{3C430357-3CC0-4AB0-833F-BE411C4340F2}.Release|x64.Build.0 = Release|x64
		{3C430357-3CC0-4AB0-833F-BE411C4340F2}.Release|x86.ActiveCfg = Release|Win32
		{3C430357-3CC0-4AB0-833F-BE411C4340F2}.Release|x86.Build.0 = Release|Win32
	EndGlobalSection
	GlobalSection(SolutionProperties) = preSolution
		HideSolutionNode = FALSE
	EndGlobalSection
	GlobalSection(ExtensibilityGlobals) = postSolution
		SolutionGuid = {92D1B65B-1BD7-4152-8DB8-CE884D330ACC}
	EndGlobalSection
EndGlobal
